{
    "_readme": [
        "This file locks the dependencies of your project to a known state",
        "Read more about it at https://getcomposer.org/doc/01-basic-usage.md#installing-dependencies",
        "This file is @generated automatically"
    ],
    "content-hash": "3b3f71cf77cb8c4afa19eb435d009645",
    "packages": [
        {
            "name": "drupal/addressfield",
            "version": "1.1.0",
            "source": {
                "type": "git",
                "url": "https://git.drupalcode.org/project/addressfield.git",
                "reference": "7.x-1.1"
            },
            "dist": {
                "type": "zip",
                "url": "https://ftp.drupal.org/files/projects/addressfield-7.x-1.1.zip",
                "reference": "7.x-1.1",
                "shasum": "dd46ac6a2f1b06298b633e934fe1d70d0ca0d410"
            },
            "require": {
                "drupal/ctools": "*",
                "drupal/drupal": "~7.0"
            },
            "require-dev": {
                "drupal/ctools": "*"
            },
            "type": "drupal-module",
            "extra": {
                "branch-alias": {
                    "dev-1.x": "1.x-dev"
                },
                "drupal": {
                    "version": "7.x-1.1",
                    "datestamp": "1444253039",
                    "security-coverage": {
                        "status": "covered",
                        "message": "Covered by Drupal's security advisory policy"
                    }
                }
            },
            "notification-url": "https://packages.drupal.org/7/downloads",
            "license": [
                "GPL-2.0-or-later"
            ],
            "authors": [
                {
                    "name": "Damien Tournoud",
                    "homepage": "https://www.drupal.org/user/22211"
                },
                {
                    "name": "bojanz",
                    "homepage": "https://www.drupal.org/user/86106"
                },
                {
                    "name": "jsacksick",
                    "homepage": "https://www.drupal.org/user/972218"
                },
                {
                    "name": "rszrama",
                    "homepage": "https://www.drupal.org/user/49344"
                }
            ],
            "description": "Manage a flexible address field, implementing the xNAL standard.",
            "homepage": "https://www.drupal.org/project/addressfield",
            "support": {
                "source": "https://git.drupalcode.org/project/addressfield"
            }
        },
        {
            "name": "drupal/better_exposed_filters",
            "version": "3.2.0",
            "source": {
                "type": "git",
                "url": "https://git.drupalcode.org/project/better_exposed_filters.git",
                "reference": "7.x-3.2"
            },
            "dist": {
                "type": "zip",
                "url": "https://ftp.drupal.org/files/projects/better_exposed_filters-7.x-3.2.zip",
                "reference": "7.x-3.2",
                "shasum": "78664311dab26e376f80b59b6323eadfdd7a4f9d"
            },
            "require": {
                "drupal/drupal": "~7.0"
            },
            "type": "drupal-module",
            "extra": {
                "branch-alias": {
                    "dev-3.x": "3.x-dev"
                },
                "drupal": {
                    "version": "7.x-3.2",
                    "datestamp": "1533185792",
                    "security-coverage": {
                        "status": "covered",
                        "message": "Covered by Drupal's security advisory policy"
                    }
                }
            },
            "notification-url": "https://packages.drupal.org/7/downloads",
            "license": [
                "GPL-2.0-or-later"
            ],
            "authors": [
                {
                    "name": "Etroid",
                    "homepage": "https://www.drupal.org/user/3048985"
                },
                {
                    "name": "chr.fritsch",
                    "homepage": "https://www.drupal.org/user/2103716"
                },
                {
                    "name": "jkopel",
                    "homepage": "https://www.drupal.org/user/66207"
                },
                {
                    "name": "mikeker",
                    "homepage": "https://www.drupal.org/user/192273"
                },
                {
                    "name": "rlhawk",
                    "homepage": "https://www.drupal.org/user/352283"
                }
            ],
            "homepage": "https://www.drupal.org/project/better_exposed_filters",
            "support": {
                "source": "https://git.drupalcode.org/project/better_exposed_filters"
            }
        },
        {
            "name": "drupal/feeds",
            "version": "2.0.0-beta2",
            "source": {
                "type": "git",
                "url": "https://git.drupalcode.org/project/feeds.git",
                "reference": "7.x-2.0-beta2"
            },
            "dist": {
                "type": "zip",
                "url": "https://ftp.drupal.org/files/projects/feeds-7.x-2.0-beta2.zip",
                "reference": "7.x-2.0-beta2",
                "shasum": "a1706715746fb839262d3ddfba458111ddb30def"
            },
            "require": {
                "drupal/ctools": "*",
                "drupal/drupal": "~7.0",
                "drupal/job_scheduler": "*"
            },
            "require-dev": {
                "drupal/ctools": "*",
                "drupal/date": "*",
                "drupal/entity_translation": "*",
                "drupal/features": "*",
                "drupal/feeds_xpathparser": "*",
                "drupal/i18n_taxonomy": "*",
                "drupal/link": "*",
                "drupal/views": "*"
            },
            "type": "drupal-module",
            "extra": {
                "branch-alias": {
                    "dev-2.x": "2.x-dev"
                },
                "drupal": {
                    "version": "7.x-2.0-beta2",
                    "datestamp": "1479993780",
                    "security-coverage": {
                        "status": "not-covered",
                        "message": "Project has not opted into security advisory coverage!"
                    }
                }
            },
            "notification-url": "https://packages.drupal.org/7/downloads",
            "license": [
                "GPL-2.0-or-later"
            ],
            "authors": [
                {
                    "name": "Dave Reid",
                    "homepage": "https://www.drupal.org/user/53892"
                },
                {
                    "name": "Ian Ward",
                    "homepage": "https://www.drupal.org/user/4736"
                },
                {
                    "name": "MegaChriz",
                    "homepage": "https://www.drupal.org/user/654114"
                },
                {
                    "name": "Will White",
                    "homepage": "https://www.drupal.org/user/32237"
                },
                {
                    "name": "alex_b",
                    "homepage": "https://www.drupal.org/user/53995"
                },
                {
                    "name": "e2thex",
                    "homepage": "https://www.drupal.org/user/189123"
                },
                {
                    "name": "febbraro",
                    "homepage": "https://www.drupal.org/user/43670"
                },
                {
                    "name": "franz",
                    "homepage": "https://www.drupal.org/user/581844"
                },
                {
                    "name": "jmiccolis",
                    "homepage": "https://www.drupal.org/user/31731"
                },
                {
                    "name": "kking",
                    "homepage": "https://www.drupal.org/user/24399"
                },
                {
                    "name": "tobby",
                    "homepage": "https://www.drupal.org/user/154797"
                },
                {
                    "name": "tristanoneil",
                    "homepage": "https://www.drupal.org/user/340659"
                },
                {
                    "name": "twistor",
                    "homepage": "https://www.drupal.org/user/473738"
                },
                {
                    "name": "yhahn",
                    "homepage": "https://www.drupal.org/user/264833"
                }
            ],
            "description": "Aggregates RSS/Atom/RDF feeds, imports CSV files and more.",
            "homepage": "https://www.drupal.org/project/feeds",
            "support": {
                "source": "https://git.drupalcode.org/project/feeds"
            }
        },
        {
            "name": "drupal/postal_code",
            "version": "1.9.0",
            "source": {
                "type": "git",
                "url": "https://git.drupalcode.org/project/postal_code.git",
                "reference": "7.x-1.9"
            },
            "dist": {
                "type": "zip",
                "url": "https://ftp.drupal.org/files/projects/postal_code-7.x-1.9.zip",
                "reference": "7.x-1.9",
                "shasum": "10ee1739c96b07027ab3dbca1c0165b4b8f07a94"
            },
            "require": {
                "drupal/drupal": "*"
            },
            "type": "drupal-module",
            "extra": {
                "branch-alias": {
                    "dev-1.x": "1.x-dev"
                },
                "drupal": {
                    "version": "7.x-1.9",
                    "datestamp": "1418249945",
                    "security-coverage": {
                        "status": "covered",
                        "message": "Covered by Drupal's security advisory policy"
                    }
                }
            },
            "notification-url": "https://packages.drupal.org/7/downloads",
            "license": [
                "GPL-2.0-or-later"
            ],
            "authors": [
                {
                    "name": "amitgoyal",
                    "homepage": "https://www.drupal.org/user/56441"
                },
                {
                    "name": "jeremyclassic",
                    "homepage": "https://www.drupal.org/user/1854054"
                },
                {
                    "name": "sanchi.girotra",
                    "homepage": "https://www.drupal.org/user/2005932"
                },
                {
                    "name": "suhani.jain",
                    "homepage": "https://www.drupal.org/user/2005916"
                }
            ],
            "description": "Postal Code Field Module",
            "homepage": "https://www.drupal.org/project/postal_code",
            "support": {
                "source": "https://git.drupalcode.org/project/postal_code"
            }
        },
        {
            "name": "drupal/shs",
            "version": "dev-1.x",
            "source": {
                "type": "git",
                "url": "https://git.drupalcode.org/project/shs.git",
                "reference": "8ee12039fe5324dc98c171a065bfeb4c2ab68a54"
            },
            "require": {
                "drupal/drupal": "*"
            },
            "type": "drupal-module",
            "extra": {
                "branch-alias": {
                    "dev-1.x": "1.x-dev"
                },
                "drupal": {
                    "version": "7.x-1.8+1-dev",
                    "datestamp": "1553890384",
                    "security-coverage": {
                        "status": "not-covered",
                        "message": "Dev releases are not covered by Drupal security advisories."
                    }
                }
            },
            "notification-url": "https://packages.drupal.org/7/downloads",
            "license": [
                "GPL-2.0-or-later"
            ],
            "authors": [
                {
                    "name": "stBorchert",
                    "homepage": "https://www.drupal.org/user/36942"
                }
            ],
            "description": "Creates a simple hierarchical select widget for taxonomy fields.",
            "homepage": "https://www.drupal.org/project/shs",
            "support": {
                "source": "https://git.drupalcode.org/project/shs"
            },
            "time": "2015-02-19T11:40:41+00:00"
        },
        {
            "name": "drupal/term_merge",
            "version": "1.2.0",
            "source": {
                "type": "git",
                "url": "https://git.drupalcode.org/project/term_merge.git",
                "reference": "7.x-1.2"
            },
            "dist": {
                "type": "zip",
                "url": "https://ftp.drupal.org/files/projects/term_merge-7.x-1.2.zip",
                "reference": "7.x-1.2",
                "shasum": "44d1440ddaf11c65c843cb7f160da136a47aef70"
            },
            "require": {
                "drupal/drupal": "*",
                "drupal/entity": "*"
            },
            "type": "drupal-module",
            "extra": {
                "branch-alias": {
                    "dev-1.x": "1.x-dev"
                },
                "drupal": {
                    "version": "7.x-1.2",
                    "datestamp": "1448826540",
                    "security-coverage": {
                        "status": "covered",
                        "message": "Covered by Drupal's security advisory policy"
                    }
                }
            },
            "notification-url": "https://packages.drupal.org/7/downloads",
            "license": [
                "GPL-2.0-or-later"
            ],
            "authors": [
                {
                    "name": "bleen",
                    "homepage": "https://www.drupal.org/user/77375"
                },
                {
                    "name": "bucefal91",
                    "homepage": "https://www.drupal.org/user/504128"
                },
                {
                    "name": "eli",
                    "homepage": "https://www.drupal.org/user/49774"
                },
                {
                    "name": "legolasbo",
                    "homepage": "https://www.drupal.org/user/2480548"
                },
                {
                    "name": "nylin",
                    "homepage": "https://www.drupal.org/user/816040"
                }
            ],
            "description": "This module allows you to merge multiple terms into one, while updating all fields referring to those terms to refer to the replacement term instead.",
            "homepage": "https://www.drupal.org/project/term_merge",
            "support": {
                "source": "https://git.drupalcode.org/project/term_merge"
            }
        },
        {
            "name": "drupal/term_reference_tree",
            "version": "1.10.0",
            "source": {
                "type": "git",
                "url": "https://git.drupalcode.org/project/term_reference_tree.git",
                "reference": "7.x-1.10"
            },
            "dist": {
                "type": "zip",
                "url": "https://ftp.drupal.org/files/projects/term_reference_tree-7.x-1.10.zip",
                "reference": "7.x-1.10",
                "shasum": "6de2adeff84d8e8151f38562cc7f3919ea2513b8"
            },
            "require": {
                "drupal/drupal": "*"
            },
            "type": "drupal-module",
            "extra": {
                "branch-alias": {
                    "dev-1.x": "1.x-dev"
                },
                "drupal": {
                    "version": "7.x-1.10",
                    "datestamp": "1533185792",
                    "security-coverage": {
                        "status": "covered",
                        "message": "Covered by Drupal's security advisory policy"
                    }
                }
            },
            "notification-url": "https://packages.drupal.org/7/downloads",
            "license": [
                "GPL-2.0-or-later"
            ],
            "authors": [
                {
                    "name": "BartK",
                    "homepage": "https://www.drupal.org/user/401025"
                },
                {
                    "name": "Dave Reid",
                    "homepage": "https://www.drupal.org/user/53892"
                },
                {
                    "name": "MoustafaEid",
                    "homepage": "https://www.drupal.org/user/1126928"
                },
                {
                    "name": "alex_optim",
                    "homepage": "https://www.drupal.org/user/3317601"
                },
                {
                    "name": "carpenter.490",
                    "homepage": "https://www.drupal.org/user/804142"
                },
                {
                    "name": "dgtlmoon",
                    "homepage": "https://www.drupal.org/user/25027"
                },
                {
                    "name": "sdrycroft",
                    "homepage": "https://www.drupal.org/user/151544"
                },
                {
                    "name": "sumitmadan",
                    "homepage": "https://www.drupal.org/user/1538790"
                }
            ],
            "description": "An expanding/collapsing tree widget for selecting terms in a taxonomy term reference field.",
            "homepage": "https://www.drupal.org/project/term_reference_tree",
            "support": {
                "source": "https://git.drupalcode.org/project/term_reference_tree"
            }
        },
        {
            "name": "drupal/views_block_filter_block",
            "version": "1.0.0-beta2",
            "source": {
                "type": "git",
                "url": "https://git.drupalcode.org/project/views_block_filter_block.git",
                "reference": "7.x-1.0-beta2"
            },
            "dist": {
                "type": "zip",
                "url": "https://ftp.drupal.org/files/projects/views_block_filter_block-7.x-1.0-beta2.zip",
                "reference": "7.x-1.0-beta2",
                "shasum": "621725d6290cd6ec24300e4cedf0b463f0a6e786"
            },
            "require": {
                "drupal/drupal": "~7.0",
                "drupal/views": "*"
            },
            "type": "drupal-module",
            "extra": {
                "branch-alias": {
                    "dev-1.x": "1.x-dev"
                },
                "drupal": {
                    "version": "7.x-1.0-beta2",
                    "datestamp": "1435529880",
                    "security-coverage": {
                        "status": "not-covered",
                        "message": "Project has not opted into security advisory coverage!"
                    }
                }
            },
            "notification-url": "https://packages.drupal.org/7/downloads",
            "license": [
                "GPL-2.0-or-later"
            ],
            "authors": [
                {
                    "name": "Etroid",
                    "homepage": "https://www.drupal.org/user/3048985"
                },
                {
                    "name": "angrytoast",
                    "homepage": "https://www.drupal.org/user/2468092"
                },
                {
                    "name": "iamEAP",
                    "homepage": "https://www.drupal.org/user/1467594"
                },
                {
                    "name": "jkopel",
                    "homepage": "https://www.drupal.org/user/66207"
                },
                {
                    "name": "nehajyoti",
                    "homepage": "https://www.drupal.org/user/2804915"
                },
                {
                    "name": "sumitmadan",
                    "homepage": "https://www.drupal.org/user/1538790"
                },
                {
                    "name": "yogeshmpawar",
                    "homepage": "https://www.drupal.org/user/2922907"
                }
            ],
            "description": "Provides blocks for Views exposed filters on View blocks.",
            "homepage": "https://www.drupal.org/project/views_block_filter_block",
            "support": {
                "source": "https://git.drupalcode.org/project/views_block_filter_block"
            }
        },
        {
            "name": "drupal/views_responsive_grid",
            "version": "1.3.0",
            "source": {
                "type": "git",
                "url": "https://git.drupalcode.org/project/views_responsive_grid.git",
                "reference": "7.x-1.3"
            },
            "dist": {
                "type": "zip",
                "url": "https://ftp.drupal.org/files/projects/views_responsive_grid-7.x-1.3.zip",
                "reference": "7.x-1.3",
                "shasum": "471068389a8a03986b7639ce14a876aa88bd6a72"
            },
            "require": {
                "drupal/drupal": "~7.0",
                "drupal/views": "*"
            },
            "type": "drupal-module",
            "extra": {
                "branch-alias": {
                    "dev-1.x": "1.x-dev"
                },
                "drupal": {
                    "version": "7.x-1.3",
                    "datestamp": "1365191423",
                    "security-coverage": {
                        "status": "covered",
                        "message": "Covered by Drupal's security advisory policy"
                    }
                }
            },
            "notification-url": "https://packages.drupal.org/7/downloads",
            "license": [
                "GPL-2.0-or-later"
            ],
            "authors": [
                {
                    "name": "iwhitcomb",
                    "homepage": "https://www.drupal.org/user/771654"
                },
                {
                    "name": "kyletaylored",
                    "homepage": "https://www.drupal.org/user/2207088"
                },
                {
                    "name": "markcarver",
                    "homepage": "https://www.drupal.org/user/501638"
                }
            ],
            "description": "Views plugin for displaying views content in a responsive grid.",
            "homepage": "https://www.drupal.org/project/views_responsive_grid",
            "support": {
                "source": "https://git.drupalcode.org/project/views_responsive_grid"
            }
        }
    ],
    "packages-dev": [],
    "aliases": [],
    "minimum-stability": "stable",
    "stability-flags": {
        "drupal/feeds": 10,
        "drupal/views_block_filter_block": 10,
        "drupal/shs": 20
    },
    "prefer-stable": false,
    "prefer-lowest": false,
    "platform": [],
    "platform-dev": []
}
